// !$*UTF8*$!
{
	archiveVersion = 1;
	classes = {
	};
	objectVersion = 56;
	objects = {

/* Begin PBXBuildFile section */
		6E36DBB5291441C9003BB177 /* AppDelegate.swift in Sources */ = {isa = PBXBuildFile; fileRef = 6E36DBB4291441C9003BB177 /* AppDelegate.swift */; };
		6E36DBB7291441C9003BB177 /* SceneDelegate.swift in Sources */ = {isa = PBXBuildFile; fileRef = 6E36DBB6291441C9003BB177 /* SceneDelegate.swift */; };
		6E36DBB9291441C9003BB177 /* DashboardViewController.swift in Sources */ = {isa = PBXBuildFile; fileRef = 6E36DBB8291441C9003BB177 /* DashboardViewController.swift */; };
		6E36DBBC291441C9003BB177 /* Main.storyboard in Resources */ = {isa = PBXBuildFile; fileRef = 6E36DBBA291441C9003BB177 /* Main.storyboard */; };
		6E36DBBE291441CC003BB177 /* Assets.xcassets in Resources */ = {isa = PBXBuildFile; fileRef = 6E36DBBD291441CC003BB177 /* Assets.xcassets */; };
		6E36DBC1291441CC003BB177 /* LaunchScreen.storyboard in Resources */ = {isa = PBXBuildFile; fileRef = 6E36DBBF291441CC003BB177 /* LaunchScreen.storyboard */; };
		6E36DBCC291441CC003BB177 /* WeatherAppTests.swift in Sources */ = {isa = PBXBuildFile; fileRef = 6E36DBCB291441CC003BB177 /* WeatherAppTests.swift */; };
		6E36DBD6291441CD003BB177 /* WeatherAppUITests.swift in Sources */ = {isa = PBXBuildFile; fileRef = 6E36DBD5291441CD003BB177 /* WeatherAppUITests.swift */; };
		6E36DBD8291441CD003BB177 /* WeatherAppUITestsLaunchTests.swift in Sources */ = {isa = PBXBuildFile; fileRef = 6E36DBD7291441CD003BB177 /* WeatherAppUITestsLaunchTests.swift */; };
		6E36DBE929155033003BB177 /* current_weather.json in Resources */ = {isa = PBXBuildFile; fileRef = 6E36DBE829155033003BB177 /* current_weather.json */; };
		6E36DBEC29155112003BB177 /* Weather.swift in Sources */ = {isa = PBXBuildFile; fileRef = 6E36DBEB29155112003BB177 /* Weather.swift */; };
		6E453F42291648B400E25B4C /* CurrentTempRecordView.swift in Sources */ = {isa = PBXBuildFile; fileRef = 6E453F41291648B400E25B4C /* CurrentTempRecordView.swift */; };
		6E453F4829166C3C00E25B4C /* ForecastView.swift in Sources */ = {isa = PBXBuildFile; fileRef = 6E453F4729166C3C00E25B4C /* ForecastView.swift */; };
/* End PBXBuildFile section */

/* Begin PBXContainerItemProxy section */
		6E36DBC8291441CC003BB177 /* PBXContainerItemProxy */ = {
			isa = PBXContainerItemProxy;
			containerPortal = 6E36DBA9291441C9003BB177 /* Project object */;
			proxyType = 1;
			remoteGlobalIDString = 6E36DBB0291441C9003BB177;
			remoteInfo = WeatherApp;
		};
		6E36DBD2291441CD003BB177 /* PBXContainerItemProxy */ = {
			isa = PBXContainerItemProxy;
			containerPortal = 6E36DBA9291441C9003BB177 /* Project object */;
			proxyType = 1;
			remoteGlobalIDString = 6E36DBB0291441C9003BB177;
			remoteInfo = WeatherApp;
		};
/* End PBXContainerItemProxy section */

/* Begin PBXFileReference section */
		6E36DBB1291441C9003BB177 /* WeatherApp.app */ = {isa = PBXFileReference; explicitFileType = wrapper.application; includeInIndex = 0; path = WeatherApp.app; sourceTree = BUILT_PRODUCTS_DIR; };
		6E36DBB4291441C9003BB177 /* AppDelegate.swift */ = {isa = PBXFileReference; lastKnownFileType = sourcecode.swift; path = AppDelegate.swift; sourceTree = "<group>"; };
		6E36DBB6291441C9003BB177 /* SceneDelegate.swift */ = {isa = PBXFileReference; lastKnownFileType = sourcecode.swift; path = SceneDelegate.swift; sourceTree = "<group>"; };
		6E36DBB8291441C9003BB177 /* DashboardViewController.swift */ = {isa = PBXFileReference; lastKnownFileType = sourcecode.swift; path = DashboardViewController.swift; sourceTree = "<group>"; };
		6E36DBBB291441C9003BB177 /* Base */ = {isa = PBXFileReference; lastKnownFileType = file.storyboard; name = Base; path = Base.lproj/Main.storyboard; sourceTree = "<group>"; };
		6E36DBBD291441CC003BB177 /* Assets.xcassets */ = {isa = PBXFileReference; lastKnownFileType = folder.assetcatalog; path = Assets.xcassets; sourceTree = "<group>"; };
		6E36DBC0291441CC003BB177 /* Base */ = {isa = PBXFileReference; lastKnownFileType = file.storyboard; name = Base; path = Base.lproj/LaunchScreen.storyboard; sourceTree = "<group>"; };
		6E36DBC2291441CC003BB177 /* Info.plist */ = {isa = PBXFileReference; lastKnownFileType = text.plist.xml; path = Info.plist; sourceTree = "<group>"; };
		6E36DBC7291441CC003BB177 /* WeatherAppTests.xctest */ = {isa = PBXFileReference; explicitFileType = wrapper.cfbundle; includeInIndex = 0; path = WeatherAppTests.xctest; sourceTree = BUILT_PRODUCTS_DIR; };
		6E36DBCB291441CC003BB177 /* WeatherAppTests.swift */ = {isa = PBXFileReference; lastKnownFileType = sourcecode.swift; path = WeatherAppTests.swift; sourceTree = "<group>"; };
		6E36DBD1291441CD003BB177 /* WeatherAppUITests.xctest */ = {isa = PBXFileReference; explicitFileType = wrapper.cfbundle; includeInIndex = 0; path = WeatherAppUITests.xctest; sourceTree = BUILT_PRODUCTS_DIR; };
		6E36DBD5291441CD003BB177 /* WeatherAppUITests.swift */ = {isa = PBXFileReference; lastKnownFileType = sourcecode.swift; path = WeatherAppUITests.swift; sourceTree = "<group>"; };
		6E36DBD7291441CD003BB177 /* WeatherAppUITestsLaunchTests.swift */ = {isa = PBXFileReference; lastKnownFileType = sourcecode.swift; path = WeatherAppUITestsLaunchTests.swift; sourceTree = "<group>"; };
		6E36DBE829155033003BB177 /* current_weather.json */ = {isa = PBXFileReference; fileEncoding = 4; lastKnownFileType = text.json; path = current_weather.json; sourceTree = "<group>"; };
		6E36DBEB29155112003BB177 /* Weather.swift */ = {isa = PBXFileReference; lastKnownFileType = sourcecode.swift; path = Weather.swift; sourceTree = "<group>"; };
		6E453F41291648B400E25B4C /* CurrentTempRecordView.swift */ = {isa = PBXFileReference; lastKnownFileType = sourcecode.swift; path = CurrentTempRecordView.swift; sourceTree = "<group>"; };
		6E453F4629166BAF00E25B4C /* forecast_weather.json */ = {isa = PBXFileReference; lastKnownFileType = text.json; name = forecast_weather.json; path = ../../../../../Desktop/forecast_weather.json; sourceTree = "<group>"; };
		6E453F4729166C3C00E25B4C /* ForecastView.swift */ = {isa = PBXFileReference; lastKnownFileType = sourcecode.swift; path = ForecastView.swift; sourceTree = "<group>"; };
/* End PBXFileReference section */

/* Begin PBXFrameworksBuildPhase section */
		6E36DBAE291441C9003BB177 /* Frameworks */ = {
			isa = PBXFrameworksBuildPhase;
			buildActionMask = 2147483647;
			files = (
			);
			runOnlyForDeploymentPostprocessing = 0;
		};
		6E36DBC4291441CC003BB177 /* Frameworks */ = {
			isa = PBXFrameworksBuildPhase;
			buildActionMask = 2147483647;
			files = (
			);
			runOnlyForDeploymentPostprocessing = 0;
		};
		6E36DBCE291441CD003BB177 /* Frameworks */ = {
			isa = PBXFrameworksBuildPhase;
			buildActionMask = 2147483647;
			files = (
			);
			runOnlyForDeploymentPostprocessing = 0;
		};
/* End PBXFrameworksBuildPhase section */

/* Begin PBXGroup section */
		6E36DBA8291441C9003BB177 = {
			isa = PBXGroup;
			children = (
				6E36DBB3291441C9003BB177 /* WeatherApp */,
				6E36DBCA291441CC003BB177 /* WeatherAppTests */,
				6E36DBD4291441CD003BB177 /* WeatherAppUITests */,
				6E36DBB2291441C9003BB177 /* Products */,
			);
			sourceTree = "<group>";
		};
		6E36DBB2291441C9003BB177 /* Products */ = {
			isa = PBXGroup;
			children = (
				6E36DBB1291441C9003BB177 /* WeatherApp.app */,
				6E36DBC7291441CC003BB177 /* WeatherAppTests.xctest */,
				6E36DBD1291441CD003BB177 /* WeatherAppUITests.xctest */,
			);
			name = Products;
			sourceTree = "<group>";
		};
		6E36DBB3291441C9003BB177 /* WeatherApp */ = {
			isa = PBXGroup;
			children = (
				6E453F43291650D700E25B4C /* VIew */,
				6E36DBEA29155063003BB177 /* Model */,
				6E36DBE629154F6A003BB177 /* Data */,
				6E36DBE529144532003BB177 /* ViewController */,
				6E36DBE4291444A5003BB177 /* App */,
				6E36DBBA291441C9003BB177 /* Main.storyboard */,
				6E36DBBD291441CC003BB177 /* Assets.xcassets */,
				6E36DBBF291441CC003BB177 /* LaunchScreen.storyboard */,
				6E36DBC2291441CC003BB177 /* Info.plist */,
			);
			path = WeatherApp;
			sourceTree = "<group>";
		};
		6E36DBCA291441CC003BB177 /* WeatherAppTests */ = {
			isa = PBXGroup;
			children = (
				6E36DBCB291441CC003BB177 /* WeatherAppTests.swift */,
			);
			path = WeatherAppTests;
			sourceTree = "<group>";
		};
		6E36DBD4291441CD003BB177 /* WeatherAppUITests */ = {
			isa = PBXGroup;
			children = (
				6E36DBD5291441CD003BB177 /* WeatherAppUITests.swift */,
				6E36DBD7291441CD003BB177 /* WeatherAppUITestsLaunchTests.swift */,
			);
			path = WeatherAppUITests;
			sourceTree = "<group>";
		};
		6E36DBE4291444A5003BB177 /* App */ = {
			isa = PBXGroup;
			children = (
				6E36DBB4291441C9003BB177 /* AppDelegate.swift */,
				6E36DBB6291441C9003BB177 /* SceneDelegate.swift */,
			);
			path = App;
			sourceTree = "<group>";
		};
		6E36DBE529144532003BB177 /* ViewController */ = {
			isa = PBXGroup;
			children = (
				6E36DBB8291441C9003BB177 /* DashboardViewController.swift */,
			);
			path = ViewController;
			sourceTree = "<group>";
		};
		6E36DBE629154F6A003BB177 /* Data */ = {
			isa = PBXGroup;
			children = (
				6E36DBE729154F73003BB177 /* Mock */,
			);
			path = Data;
			sourceTree = "<group>";
		};
		6E36DBE729154F73003BB177 /* Mock */ = {
			isa = PBXGroup;
			children = (
				6E453F4629166BAF00E25B4C /* forecast_weather.json */,
				6E36DBE829155033003BB177 /* current_weather.json */,
			);
			path = Mock;
			sourceTree = "<group>";
		};
		6E36DBEA29155063003BB177 /* Model */ = {
			isa = PBXGroup;
			children = (
				6E36DBEB29155112003BB177 /* Weather.swift */,
			);
			path = Model;
			sourceTree = "<group>";
		};
		6E453F43291650D700E25B4C /* VIew */ = {
			isa = PBXGroup;
			children = (
				6E453F41291648B400E25B4C /* CurrentTempRecordView.swift */,
				6E453F4729166C3C00E25B4C /* ForecastView.swift */,
			);
			path = VIew;
			sourceTree = "<group>";
		};
/* End PBXGroup section */

/* Begin PBXNativeTarget section */
		6E36DBB0291441C9003BB177 /* WeatherApp */ = {
			isa = PBXNativeTarget;
			buildConfigurationList = 6E36DBDB291441CD003BB177 /* Build configuration list for PBXNativeTarget "WeatherApp" */;
			buildPhases = (
				6E36DBAD291441C9003BB177 /* Sources */,
				6E36DBAE291441C9003BB177 /* Frameworks */,
				6E36DBAF291441C9003BB177 /* Resources */,
			);
			buildRules = (
			);
			dependencies = (
			);
			name = WeatherApp;
			productName = WeatherApp;
			productReference = 6E36DBB1291441C9003BB177 /* WeatherApp.app */;
			productType = "com.apple.product-type.application";
		};
		6E36DBC6291441CC003BB177 /* WeatherAppTests */ = {
			isa = PBXNativeTarget;
			buildConfigurationList = 6E36DBDE291441CD003BB177 /* Build configuration list for PBXNativeTarget "WeatherAppTests" */;
			buildPhases = (
				6E36DBC3291441CC003BB177 /* Sources */,
				6E36DBC4291441CC003BB177 /* Frameworks */,
				6E36DBC5291441CC003BB177 /* Resources */,
			);
			buildRules = (
			);
			dependencies = (
				6E36DBC9291441CC003BB177 /* PBXTargetDependency */,
			);
			name = WeatherAppTests;
			productName = WeatherAppTests;
			productReference = 6E36DBC7291441CC003BB177 /* WeatherAppTests.xctest */;
			productType = "com.apple.product-type.bundle.unit-test";
		};
		6E36DBD0291441CD003BB177 /* WeatherAppUITests */ = {
			isa = PBXNativeTarget;
			buildConfigurationList = 6E36DBE1291441CD003BB177 /* Build configuration list for PBXNativeTarget "WeatherAppUITests" */;
			buildPhases = (
				6E36DBCD291441CD003BB177 /* Sources */,
				6E36DBCE291441CD003BB177 /* Frameworks */,
				6E36DBCF291441CD003BB177 /* Resources */,
			);
			buildRules = (
			);
			dependencies = (
				6E36DBD3291441CD003BB177 /* PBXTargetDependency */,
			);
			name = WeatherAppUITests;
			productName = WeatherAppUITests;
			productReference = 6E36DBD1291441CD003BB177 /* WeatherAppUITests.xctest */;
			productType = "com.apple.product-type.bundle.ui-testing";
		};
/* End PBXNativeTarget section */

/* Begin PBXProject section */
		6E36DBA9291441C9003BB177 /* Project object */ = {
			isa = PBXProject;
			attributes = {
				BuildIndependentTargetsInParallel = 1;
				LastSwiftUpdateCheck = 1400;
				LastUpgradeCheck = 1400;
				TargetAttributes = {
					6E36DBB0291441C9003BB177 = {
						CreatedOnToolsVersion = 14.0.1;
					};
					6E36DBC6291441CC003BB177 = {
						CreatedOnToolsVersion = 14.0.1;
						TestTargetID = 6E36DBB0291441C9003BB177;
					};
					6E36DBD0291441CD003BB177 = {
						CreatedOnToolsVersion = 14.0.1;
						TestTargetID = 6E36DBB0291441C9003BB177;
					};
				};
			};
			buildConfigurationList = 6E36DBAC291441C9003BB177 /* Build configuration list for PBXProject "WeatherApp" */;
			compatibilityVersion = "Xcode 14.0";
			developmentRegion = en;
			hasScannedForEncodings = 0;
			knownRegions = (
				en,
				Base,
			);
			mainGroup = 6E36DBA8291441C9003BB177;
			productRefGroup = 6E36DBB2291441C9003BB177 /* Products */;
			projectDirPath = "";
			projectRoot = "";
			targets = (
				6E36DBB0291441C9003BB177 /* WeatherApp */,
				6E36DBC6291441CC003BB177 /* WeatherAppTests */,
				6E36DBD0291441CD003BB177 /* WeatherAppUITests */,
			);
		};
/* End PBXProject section */

/* Begin PBXResourcesBuildPhase section */
		6E36DBAF291441C9003BB177 /* Resources */ = {
			isa = PBXResourcesBuildPhase;
			buildActionMask = 2147483647;
			files = (
				6E36DBC1291441CC003BB177 /* LaunchScreen.storyboard in Resources */,
				6E36DBBE291441CC003BB177 /* Assets.xcassets in Resources */,
				6E36DBE929155033003BB177 /* current_weather.json in Resources */,
				6E36DBBC291441C9003BB177 /* Main.storyboard in Resources */,
			);
			runOnlyForDeploymentPostprocessing = 0;
		};
		6E36DBC5291441CC003BB177 /* Resources */ = {
			isa = PBXResourcesBuildPhase;
			buildActionMask = 2147483647;
			files = (
			);
			runOnlyForDeploymentPostprocessing = 0;
		};
		6E36DBCF291441CD003BB177 /* Resources */ = {
			isa = PBXResourcesBuildPhase;
			buildActionMask = 2147483647;
			files = (
			);
			runOnlyForDeploymentPostprocessing = 0;
		};
/* End PBXResourcesBuildPhase section */

/* Begin PBXSourcesBuildPhase section */
		6E36DBAD291441C9003BB177 /* Sources */ = {
			isa = PBXSourcesBuildPhase;
			buildActionMask = 2147483647;
			files = (
				6E36DBEC29155112003BB177 /* Weather.swift in Sources */,
				6E36DBB9291441C9003BB177 /* DashboardViewController.swift in Sources */,
				6E36DBB5291441C9003BB177 /* AppDelegate.swift in Sources */,
				6E36DBB7291441C9003BB177 /* SceneDelegate.swift in Sources */,
				6E453F42291648B400E25B4C /* CurrentTempRecordView.swift in Sources */,
				6E453F4829166C3C00E25B4C /* ForecastView.swift in Sources */,
			);
			runOnlyForDeploymentPostprocessing = 0;
		};
		6E36DBC3291441CC003BB177 /* Sources */ = {
			isa = PBXSourcesBuildPhase;
			buildActionMask = 2147483647;
			files = (
				6E36DBCC291441CC003BB177 /* WeatherAppTests.swift in Sources */,
			);
			runOnlyForDeploymentPostprocessing = 0;
		};
		6E36DBCD291441CD003BB177 /* Sources */ = {
			isa = PBXSourcesBuildPhase;
			buildActionMask = 2147483647;
			files = (
				6E36DBD6291441CD003BB177 /* WeatherAppUITests.swift in Sources */,
				6E36DBD8291441CD003BB177 /* WeatherAppUITestsLaunchTests.swift in Sources */,
			);
			runOnlyForDeploymentPostprocessing = 0;
		};
/* End PBXSourcesBuildPhase section */

/* Begin PBXTargetDependency section */
		6E36DBC9291441CC003BB177 /* PBXTargetDependency */ = {
			isa = PBXTargetDependency;
			target = 6E36DBB0291441C9003BB177 /* WeatherApp */;
			targetProxy = 6E36DBC8291441CC003BB177 /* PBXContainerItemProxy */;
		};
		6E36DBD3291441CD003BB177 /* PBXTargetDependency */ = {
			isa = PBXTargetDependency;
			target = 6E36DBB0291441C9003BB177 /* WeatherApp */;
			targetProxy = 6E36DBD2291441CD003BB177 /* PBXContainerItemProxy */;
		};
/* End PBXTargetDependency section */

/* Begin PBXVariantGroup section */
		6E36DBBA291441C9003BB177 /* Main.storyboard */ = {
			isa = PBXVariantGroup;
			children = (
				6E36DBBB291441C9003BB177 /* Base */,
			);
			name = Main.storyboard;
			sourceTree = "<group>";
		};
		6E36DBBF291441CC003BB177 /* LaunchScreen.storyboard */ = {
			isa = PBXVariantGroup;
			children = (
				6E36DBC0291441CC003BB177 /* Base */,
			);
			name = LaunchScreen.storyboard;
			sourceTree = "<group>";
		};
/* End PBXVariantGroup section */

/* Begin XCBuildConfiguration section */
		6E36DBD9291441CD003BB177 /* Debug */ = {
			isa = XCBuildConfiguration;
			buildSettings = {
				ALWAYS_SEARCH_USER_PATHS = NO;
				CLANG_ANALYZER_NONNULL = YES;
				CLANG_ANALYZER_NUMBER_OBJECT_CONVERSION = YES_AGGRESSIVE;
				CLANG_CXX_LANGUAGE_STANDARD = "gnu++20";
				CLANG_ENABLE_MODULES = YES;
				CLANG_ENABLE_OBJC_ARC = YES;
				CLANG_ENABLE_OBJC_WEAK = YES;
				CLANG_WARN_BLOCK_CAPTURE_AUTORELEASING = YES;
				CLANG_WARN_BOOL_CONVERSION = YES;
				CLANG_WARN_COMMA = YES;
				CLANG_WARN_CONSTANT_CONVERSION = YES;
				CLANG_WARN_DEPRECATED_OBJC_IMPLEMENTATIONS = YES;
				CLANG_WARN_DIRECT_OBJC_ISA_USAGE = YES_ERROR;
				CLANG_WARN_DOCUMENTATION_COMMENTS = YES;
				CLANG_WARN_EMPTY_BODY = YES;
				CLANG_WARN_ENUM_CONVERSION = YES;
				CLANG_WARN_INFINITE_RECURSION = YES;
				CLANG_WARN_INT_CONVERSION = YES;
				CLANG_WARN_NON_LITERAL_NULL_CONVERSION = YES;
				CLANG_WARN_OBJC_IMPLICIT_RETAIN_SELF = YES;
				CLANG_WARN_OBJC_LITERAL_CONVERSION = YES;
				CLANG_WARN_OBJC_ROOT_CLASS = YES_ERROR;
				CLANG_WARN_QUOTED_INCLUDE_IN_FRAMEWORK_HEADER = YES;
				CLANG_WARN_RANGE_LOOP_ANALYSIS = YES;
				CLANG_WARN_STRICT_PROTOTYPES = YES;
				CLANG_WARN_SUSPICIOUS_MOVE = YES;
				CLANG_WARN_UNGUARDED_AVAILABILITY = YES_AGGRESSIVE;
				CLANG_WARN_UNREACHABLE_CODE = YES;
				CLANG_WARN__DUPLICATE_METHOD_MATCH = YES;
				COPY_PHASE_STRIP = NO;
				DEBUG_INFORMATION_FORMAT = dwarf;
				ENABLE_STRICT_OBJC_MSGSEND = YES;
				ENABLE_TESTABILITY = YES;
				GCC_C_LANGUAGE_STANDARD = gnu11;
				GCC_DYNAMIC_NO_PIC = NO;
				GCC_NO_COMMON_BLOCKS = YES;
				GCC_OPTIMIZATION_LEVEL = 0;
				GCC_PREPROCESSOR_DEFINITIONS = (
					"DEBUG=1",
					"$(inherited)",
				);
				GCC_WARN_64_TO_32_BIT_CONVERSION = YES;
				GCC_WARN_ABOUT_RETURN_TYPE = YES_ERROR;
				GCC_WARN_UNDECLARED_SELECTOR = YES;
				GCC_WARN_UNINITIALIZED_AUTOS = YES_AGGRESSIVE;
				GCC_WARN_UNUSED_FUNCTION = YES;
				GCC_WARN_UNUSED_VARIABLE = YES;
				IPHONEOS_DEPLOYMENT_TARGET = 16.0;
				MTL_ENABLE_DEBUG_INFO = INCLUDE_SOURCE;
				MTL_FAST_MATH = YES;
				ONLY_ACTIVE_ARCH = YES;
				SDKROOT = iphoneos;
				SWIFT_ACTIVE_COMPILATION_CONDITIONS = DEBUG;
				SWIFT_OPTIMIZATION_LEVEL = "-Onone";
			};
			name = Debug;
		};
		6E36DBDA291441CD003BB177 /* Release */ = {
			isa = XCBuildConfiguration;
			buildSettings = {
				ALWAYS_SEARCH_USER_PATHS = NO;
				CLANG_ANALYZER_NONNULL = YES;
				CLANG_ANALYZER_NUMBER_OBJECT_CONVERSION = YES_AGGRESSIVE;
				CLANG_CXX_LANGUAGE_STANDARD = "gnu++20";
				CLANG_ENABLE_MODULES = YES;
				CLANG_ENABLE_OBJC_ARC = YES;
				CLANG_ENABLE_OBJC_WEAK = YES;
				CLANG_WARN_BLOCK_CAPTURE_AUTORELEASING = YES;
				CLANG_WARN_BOOL_CONVERSION = YES;
				CLANG_WARN_COMMA = YES;
				CLANG_WARN_CONSTANT_CONVERSION = YES;
				CLANG_WARN_DEPRECATED_OBJC_IMPLEMENTATIONS = YES;
				CLANG_WARN_DIRECT_OBJC_ISA_USAGE = YES_ERROR;
				CLANG_WARN_DOCUMENTATION_COMMENTS = YES;
				CLANG_WARN_EMPTY_BODY = YES;
				CLANG_WARN_ENUM_CONVERSION = YES;
				CLANG_WARN_INFINITE_RECURSION = YES;
				CLANG_WARN_INT_CONVERSION = YES;
				CLANG_WARN_NON_LITERAL_NULL_CONVERSION = YES;
				CLANG_WARN_OBJC_IMPLICIT_RETAIN_SELF = YES;
				CLANG_WARN_OBJC_LITERAL_CONVERSION = YES;
				CLANG_WARN_OBJC_ROOT_CLASS = YES_ERROR;
				CLANG_WARN_QUOTED_INCLUDE_IN_FRAMEWORK_HEADER = YES;
				CLANG_WARN_RANGE_LOOP_ANALYSIS = YES;
				CLANG_WARN_STRICT_PROTOTYPES = YES;
				CLANG_WARN_SUSPICIOUS_MOVE = YES;
				CLANG_WARN_UNGUARDED_AVAILABILITY = YES_AGGRESSIVE;
				CLANG_WARN_UNREACHABLE_CODE = YES;
				CLANG_WARN__DUPLICATE_METHOD_MATCH = YES;
				COPY_PHASE_STRIP = NO;
				DEBUG_INFORMATION_FORMAT = "dwarf-with-dsym";
				ENABLE_NS_ASSERTIONS = NO;
				ENABLE_STRICT_OBJC_MSGSEND = YES;
				GCC_C_LANGUAGE_STANDARD = gnu11;
				GCC_NO_COMMON_BLOCKS = YES;
				GCC_WARN_64_TO_32_BIT_CONVERSION = YES;
				GCC_WARN_ABOUT_RETURN_TYPE = YES_ERROR;
				GCC_WARN_UNDECLARED_SELECTOR = YES;
				GCC_WARN_UNINITIALIZED_AUTOS = YES_AGGRESSIVE;
				GCC_WARN_UNUSED_FUNCTION = YES;
				GCC_WARN_UNUSED_VARIABLE = YES;
				IPHONEOS_DEPLOYMENT_TARGET = 16.0;
				MTL_ENABLE_DEBUG_INFO = NO;
				MTL_FAST_MATH = YES;
				SDKROOT = iphoneos;
				SWIFT_COMPILATION_MODE = wholemodule;
				SWIFT_OPTIMIZATION_LEVEL = "-O";
				VALIDATE_PRODUCT = YES;
			};
			name = Release;
		};
		6E36DBDC291441CD003BB177 /* Debug */ = {
			isa = XCBuildConfiguration;
			buildSettings = {
				ASSETCATALOG_COMPILER_APPICON_NAME = AppIcon;
				ASSETCATALOG_COMPILER_GLOBAL_ACCENT_COLOR_NAME = AccentColor;
				CODE_SIGN_STYLE = Automatic;
				CURRENT_PROJECT_VERSION = 1;
				DEVELOPMENT_TEAM = JVYMG733L2;
				GENERATE_INFOPLIST_FILE = YES;
				INFOPLIST_FILE = WeatherApp/Info.plist;
				INFOPLIST_KEY_UIApplicationSupportsIndirectInputEvents = YES;
				INFOPLIST_KEY_UILaunchStoryboardName = LaunchScreen;
				INFOPLIST_KEY_UIMainStoryboardFile = Main;
				INFOPLIST_KEY_UISupportedInterfaceOrientations_iPad = "UIInterfaceOrientationPortrait UIInterfaceOrientationPortraitUpsideDown UIInterfaceOrientationLandscapeLeft UIInterfaceOrientationLandscapeRight";
				INFOPLIST_KEY_UISupportedInterfaceOrientations_iPhone = "UIInterfaceOrientationPortrait UIInterfaceOrientationLandscapeLeft UIInterfaceOrientationLandscapeRight";
				LD_RUNPATH_SEARCH_PATHS = (
					"$(inherited)",
					"@executable_path/Frameworks",
				);
				MARKETING_VERSION = 1.0;
				PRODUCT_BUNDLE_IDENTIFIER = com.lloyd.WeatherApp;
				PRODUCT_NAME = "$(TARGET_NAME)";
				SUPPORTED_PLATFORMS = "iphoneos iphonesimulator";
				SUPPORTS_MACCATALYST = NO;
				SUPPORTS_MAC_DESIGNED_FOR_IPHONE_IPAD = NO;
				SWIFT_EMIT_LOC_STRINGS = YES;
				SWIFT_VERSION = 5.0;
				TARGETED_DEVICE_FAMILY = 1;
			};
			name = Debug;
		};
		6E36DBDD291441CD003BB177 /* Release */ = {
			isa = XCBuildConfiguration;
			buildSettings = {
				ASSETCATALOG_COMPILER_APPICON_NAME = AppIcon;
				ASSETCATALOG_COMPILER_GLOBAL_ACCENT_COLOR_NAME = AccentColor;
				CODE_SIGN_STYLE = Automatic;
				CURRENT_PROJECT_VERSION = 1;
				DEVELOPMENT_TEAM = JVYMG733L2;
				GENERATE_INFOPLIST_FILE = YES;
				INFOPLIST_FILE = WeatherApp/Info.plist;
				INFOPLIST_KEY_UIApplicationSupportsIndirectInputEvents = YES;
				INFOPLIST_KEY_UILaunchStoryboardName = LaunchScreen;
				INFOPLIST_KEY_UIMainStoryboardFile = Main;
				INFOPLIST_KEY_UISupportedInterfaceOrientations_iPad = "UIInterfaceOrientationPortrait UIInterfaceOrientationPortraitUpsideDown UIInterfaceOrientationLandscapeLeft UIInterfaceOrientationLandscapeRight";
				INFOPLIST_KEY_UISupportedInterfaceOrientations_iPhone = "UIInterfaceOrientationPortrait UIInterfaceOrientationLandscapeLeft UIInterfaceOrientationLandscapeRight";
				LD_RUNPATH_SEARCH_PATHS = (
					"$(inherited)",
					"@executable_path/Frameworks",
				);
				MARKETING_VERSION = 1.0;
				PRODUCT_BUNDLE_IDENTIFIER = com.lloyd.WeatherApp;
				PRODUCT_NAME = "$(TARGET_NAME)";
				SUPPORTED_PLATFORMS = "iphoneos iphonesimulator";
				SUPPORTS_MACCATALYST = NO;
				SUPPORTS_MAC_DESIGNED_FOR_IPHONE_IPAD = NO;
				SWIFT_EMIT_LOC_STRINGS = YES;
				SWIFT_VERSION = 5.0;
				TARGETED_DEVICE_FAMILY = 1;
			};
			name = Release;
		};
		6E36DBDF291441CD003BB177 /* Debug */ = {
			isa = XCBuildConfiguration;
			buildSettings = {
				ALWAYS_EMBED_SWIFT_STANDARD_LIBRARIES = YES;
				BUNDLE_LOADER = "$(TEST_HOST)";
				CODE_SIGN_STYLE = Automatic;
				CURRENT_PROJECT_VERSION = 1;
				DEVELOPMENT_TEAM = JVYMG733L2;
				GENERATE_INFOPLIST_FILE = YES;
				IPHONEOS_DEPLOYMENT_TARGET = 16.0;
				MARKETING_VERSION = 1.0;
				PRODUCT_BUNDLE_IDENTIFIER = com.lloyd.WeatherAppTests;
				PRODUCT_NAME = "$(TARGET_NAME)";
				SWIFT_EMIT_LOC_STRINGS = NO;
				SWIFT_VERSION = 5.0;
				TARGETED_DEVICE_FAMILY = "1,2";
				TEST_HOST = "$(BUILT_PRODUCTS_DIR)/WeatherApp.app/$(BUNDLE_EXECUTABLE_FOLDER_PATH)/WeatherApp";
			};
			name = Debug;
		};
		6E36DBE0291441CD003BB177 /* Release */ = {
			isa = XCBuildConfiguration;
			buildSettings = {
				ALWAYS_EMBED_SWIFT_STANDARD_LIBRARIES = YES;
				BUNDLE_LOADER = "$(TEST_HOST)";
				CODE_SIGN_STYLE = Automatic;
				CURRENT_PROJECT_VERSION = 1;
				DEVELOPMENT_TEAM = JVYMG733L2;
				GENERATE_INFOPLIST_FILE = YES;
				IPHONEOS_DEPLOYMENT_TARGET = 16.0;
				MARKETING_VERSION = 1.0;
				PRODUCT_BUNDLE_IDENTIFIER = com.lloyd.WeatherAppTests;
				PRODUCT_NAME = "$(TARGET_NAME)";
				SWIFT_EMIT_LOC_STRINGS = NO;
				SWIFT_VERSION = 5.0;
				TARGETED_DEVICE_FAMILY = "1,2";
				TEST_HOST = "$(BUILT_PRODUCTS_DIR)/WeatherApp.app/$(BUNDLE_EXECUTABLE_FOLDER_PATH)/WeatherApp";
			};
			name = Release;
		};
		6E36DBE2291441CD003BB177 /* Debug */ = {
			isa = XCBuildConfiguration;
			buildSettings = {
				ALWAYS_EMBED_SWIFT_STANDARD_LIBRARIES = YES;
				CODE_SIGN_STYLE = Automatic;
				CURRENT_PROJECT_VERSION = 1;
				DEVELOPMENT_TEAM = JVYMG733L2;
				GENERATE_INFOPLIST_FILE = YES;
				MARKETING_VERSION = 1.0;
				PRODUCT_BUNDLE_IDENTIFIER = com.lloyd.WeatherAppUITests;
				PRODUCT_NAME = "$(TARGET_NAME)";
				SWIFT_EMIT_LOC_STRINGS = NO;
				SWIFT_VERSION = 5.0;
				TARGETED_DEVICE_FAMILY = "1,2";
				TEST_TARGET_NAME = WeatherApp;
			};
			name = Debug;
		};
		6E36DBE3291441CD003BB177 /* Release */ = {
			isa = XCBuildConfiguration;
			buildSettings = {
				ALWAYS_EMBED_SWIFT_STANDARD_LIBRARIES = YES;
				CODE_SIGN_STYLE = Automatic;
				CURRENT_PROJECT_VERSION = 1;
				DEVELOPMENT_TEAM = JVYMG733L2;
				GENERATE_INFOPLIST_FILE = YES;
				MARKETING_VERSION = 1.0;
				PRODUCT_BUNDLE_IDENTIFIER = com.lloyd.WeatherAppUITests;
				PRODUCT_NAME = "$(TARGET_NAME)";
				SWIFT_EMIT_LOC_STRINGS = NO;
				SWIFT_VERSION = 5.0;
				TARGETED_DEVICE_FAMILY = "1,2";
				TEST_TARGET_NAME = WeatherApp;
			};
			name = Release;
		};
/* End XCBuildConfiguration section */

/* Begin XCConfigurationList section */
		6E36DBAC291441C9003BB177 /* Build configuration list for PBXProject "WeatherApp" */ = {
			isa = XCConfigurationList;
			buildConfigurations = (
				6E36DBD9291441CD003BB177 /* Debug */,
				6E36DBDA291441CD003BB177 /* Release */,
			);
			defaultConfigurationIsVisible = 0;
			defaultConfigurationName = Release;
		};
		6E36DBDB291441CD003BB177 /* Build configuration list for PBXNativeTarget "WeatherApp" */ = {
			isa = XCConfigurationList;
			buildConfigurations = (
				6E36DBDC291441CD003BB177 /* Debug */,
				6E36DBDD291441CD003BB177 /* Release */,
			);
			defaultConfigurationIsVisible = 0;
			defaultConfigurationName = Release;
		};
		6E36DBDE291441CD003BB177 /* Build configuration list for PBXNativeTarget "WeatherAppTests" */ = {
			isa = XCConfigurationList;
			buildConfigurations = (
				6E36DBDF291441CD003BB177 /* Debug */,
				6E36DBE0291441CD003BB177 /* Release */,
			);
			defaultConfigurationIsVisible = 0;
			defaultConfigurationName = Release;
		};
		6E36DBE1291441CD003BB177 /* Build configuration list for PBXNativeTarget "WeatherAppUITests" */ = {
			isa = XCConfigurationList;
			buildConfigurations = (
				6E36DBE2291441CD003BB177 /* Debug */,
				6E36DBE3291441CD003BB177 /* Release */,
			);
			defaultConfigurationIsVisible = 0;
			defaultConfigurationName = Release;
		};
/* End XCConfigurationList section */
	};
	rootObject = 6E36DBA9291441C9003BB177 /* Project object */;
}
